// !$*UTF8*$!
{
	archiveVersion = 1;
	classes = {
	};
	objectVersion = 50;
	objects = {

/* Begin PBXBuildFile section */
		351C0F002275A589001174E2 /* RAMNativeJsViewController.m in Sources */ = {isa = PBXBuildFile; fileRef = 351C0EF52275A589001174E2 /* RAMNativeJsViewController.m */; };
		351C0F022275A5F0001174E2 /* core.js in Resources */ = {isa = PBXBuildFile; fileRef = 351C0F012275A5F0001174E2 /* core.js */; };
		352B854521D0DC57008C0DE7 /* RAMExportViewController.m in Sources */ = {isa = PBXBuildFile; fileRef = 352B854421D0DC57008C0DE7 /* RAMExportViewController.m */; };
		352B854821D0DCA7008C0DE7 /* RAMBaseTableViewCell.m in Sources */ = {isa = PBXBuildFile; fileRef = 352B854721D0DCA7008C0DE7 /* RAMBaseTableViewCell.m */; };
		352B854B21D0DD22008C0DE7 /* RAMCellModel.m in Sources */ = {isa = PBXBuildFile; fileRef = 352B854A21D0DD22008C0DE7 /* RAMCellModel.m */; };
		353E4E2E21CC952D00A689DA /* RAMStageB.m in Sources */ = {isa = PBXBuildFile; fileRef = 353E4E2D21CC952D00A689DA /* RAMStageB.m */; };
		353E4E3121CCBC3400A689DA /* RAMBlockA.m in Sources */ = {isa = PBXBuildFile; fileRef = 353E4E3021CCBC3400A689DA /* RAMBlockA.m */; };
		353E4E3421CCBC3F00A689DA /* RAMBlockB.m in Sources */ = {isa = PBXBuildFile; fileRef = 353E4E3321CCBC3F00A689DA /* RAMBlockB.m */; };
		353E4E3721CCD9CE00A689DA /* RAMData.m in Sources */ = {isa = PBXBuildFile; fileRef = 353E4E3621CCD9CE00A689DA /* RAMData.m */; };
		35497F0E2269FC4600D090E8 /* RAMTableViewController.m in Sources */ = {isa = PBXBuildFile; fileRef = 35497F0D2269FC4600D090E8 /* RAMTableViewController.m */; };
		355EC72E2271E0470045725B /* RAMImageViewController.m in Sources */ = {isa = PBXBuildFile; fileRef = 355EC72D2271E0470045725B /* RAMImageViewController.m */; };
		3588B08C21C0B7FC0085B8EE /* AppDelegate.m in Sources */ = {isa = PBXBuildFile; fileRef = 3588B08B21C0B7FC0085B8EE /* AppDelegate.m */; };
		3588B08F21C0B7FC0085B8EE /* ViewController.m in Sources */ = {isa = PBXBuildFile; fileRef = 3588B08E21C0B7FC0085B8EE /* ViewController.m */; };
		3588B09221C0B7FC0085B8EE /* Main.storyboard in Resources */ = {isa = PBXBuildFile; fileRef = 3588B09021C0B7FC0085B8EE /* Main.storyboard */; };
		3588B09421C0B7FD0085B8EE /* Assets.xcassets in Resources */ = {isa = PBXBuildFile; fileRef = 3588B09321C0B7FD0085B8EE /* Assets.xcassets */; };
		3588B09721C0B7FD0085B8EE /* LaunchScreen.storyboard in Resources */ = {isa = PBXBuildFile; fileRef = 3588B09521C0B7FD0085B8EE /* LaunchScreen.storyboard */; };
		3588B09A21C0B7FD0085B8EE /* main.m in Sources */ = {isa = PBXBuildFile; fileRef = 3588B09921C0B7FD0085B8EE /* main.m */; };
		3588B0A621C10EBA0085B8EE /* RAMSuperObject.m in Sources */ = {isa = PBXBuildFile; fileRef = 3588B0A521C10EBA0085B8EE /* RAMSuperObject.m */; };
		3588B0A921C10ECB0085B8EE /* RAMSubObject.m in Sources */ = {isa = PBXBuildFile; fileRef = 3588B0A821C10ECB0085B8EE /* RAMSubObject.m */; };
		35AB59AC22CAF9990056C891 /* RAMTapGestureHackViewController.m in Sources */ = {isa = PBXBuildFile; fileRef = 35AB59AB22CAF9990056C891 /* RAMTapGestureHackViewController.m */; };
		35AB59AF22CAFA780056C891 /* UITapGestureRecognizer+NESRecordEvent.m in Sources */ = {isa = PBXBuildFile; fileRef = 35AB59AE22CAFA780056C891 /* UITapGestureRecognizer+NESRecordEvent.m */; };
		35AB59B222CAFAA00056C891 /* NSObject+NESRunTime.m in Sources */ = {isa = PBXBuildFile; fileRef = 35AB59B122CAFAA00056C891 /* NSObject+NESRunTime.m */; };
		35AB59B622CB3C790056C891 /* RAMRegTestViewController.m in Sources */ = {isa = PBXBuildFile; fileRef = 35AB59B522CB3C790056C891 /* RAMRegTestViewController.m */; };
		35E791EC21C27E5700312F75 /* RAMStageA.m in Sources */ = {isa = PBXBuildFile; fileRef = 35E791EB21C27E5700312F75 /* RAMStageA.m */; };
		3CAAC7576767896BAFE4789A /* libPods-RAMUtilDemo.a in Frameworks */ = {isa = PBXBuildFile; fileRef = 2A395D7E6A7DE069A98AFD46 /* libPods-RAMUtilDemo.a */; };
		411CD24C238E23970031791F /* RAMRuntimeViewController.m in Sources */ = {isa = PBXBuildFile; fileRef = 411CD24B238E23970031791F /* RAMRuntimeViewController.m */; };
		4121D27C238CC3EB0038F2F1 /* RAMLoadInitializeViewController.m in Sources */ = {isa = PBXBuildFile; fileRef = 4121D27B238CC3EB0038F2F1 /* RAMLoadInitializeViewController.m */; };
		4121D27F238CC49D0038F2F1 /* RAMDemoObject.m in Sources */ = {isa = PBXBuildFile; fileRef = 4121D27E238CC49D0038F2F1 /* RAMDemoObject.m */; };
		4121D282238CC5080038F2F1 /* RAMSubDemoObject.m in Sources */ = {isa = PBXBuildFile; fileRef = 4121D281238CC5080038F2F1 /* RAMSubDemoObject.m */; };
		4121D285238CC5490038F2F1 /* RAMSubDemoObject+RAMDemoCategory.m in Sources */ = {isa = PBXBuildFile; fileRef = 4121D284238CC5490038F2F1 /* RAMSubDemoObject+RAMDemoCategory.m */; };
		4121D28F238D68AE0038F2F1 /* RAMSubSubDemoObject.m in Sources */ = {isa = PBXBuildFile; fileRef = 4121D28E238D68AE0038F2F1 /* RAMSubSubDemoObject.m */; };
		416A8423238B81EE0031BCF3 /* RAMUIEventChainViewController.m in Sources */ = {isa = PBXBuildFile; fileRef = 416A8422238B81EE0031BCF3 /* RAMUIEventChainViewController.m */; };
/* End PBXBuildFile section */

/* Begin PBXFileReference section */
		2A395D7E6A7DE069A98AFD46 /* libPods-RAMUtilDemo.a */ = {isa = PBXFileReference; explicitFileType = archive.ar; includeInIndex = 0; path = "libPods-RAMUtilDemo.a"; sourceTree = BUILT_PRODUCTS_DIR; };
		2C7926A168C8164D77724228 /* Pods-RAMUtilDemo.release.xcconfig */ = {isa = PBXFileReference; includeInIndex = 1; lastKnownFileType = text.xcconfig; name = "Pods-RAMUtilDemo.release.xcconfig"; path = "Pods/Target Support Files/Pods-RAMUtilDemo/Pods-RAMUtilDemo.release.xcconfig"; sourceTree = "<group>"; };
		351C0EF52275A589001174E2 /* RAMNativeJsViewController.m */ = {isa = PBXFileReference; fileEncoding = 4; lastKnownFileType = sourcecode.c.objc; path = RAMNativeJsViewController.m; sourceTree = "<group>"; };
		351C0EF62275A589001174E2 /* RAMNativeJsViewController.h */ = {isa = PBXFileReference; fileEncoding = 4; lastKnownFileType = sourcecode.c.h; path = RAMNativeJsViewController.h; sourceTree = "<group>"; };
		351C0F012275A5F0001174E2 /* core.js */ = {isa = PBXFileReference; fileEncoding = 4; lastKnownFileType = sourcecode.javascript; name = core.js; path = h5/js/core.js; sourceTree = "<group>"; };
		352B854321D0DC57008C0DE7 /* RAMExportViewController.h */ = {isa = PBXFileReference; lastKnownFileType = sourcecode.c.h; path = RAMExportViewController.h; sourceTree = "<group>"; };
		352B854421D0DC57008C0DE7 /* RAMExportViewController.m */ = {isa = PBXFileReference; lastKnownFileType = sourcecode.c.objc; path = RAMExportViewController.m; sourceTree = "<group>"; };
		352B854621D0DCA7008C0DE7 /* RAMBaseTableViewCell.h */ = {isa = PBXFileReference; lastKnownFileType = sourcecode.c.h; path = RAMBaseTableViewCell.h; sourceTree = "<group>"; };
		352B854721D0DCA7008C0DE7 /* RAMBaseTableViewCell.m */ = {isa = PBXFileReference; lastKnownFileType = sourcecode.c.objc; path = RAMBaseTableViewCell.m; sourceTree = "<group>"; };
		352B854921D0DD22008C0DE7 /* RAMCellModel.h */ = {isa = PBXFileReference; lastKnownFileType = sourcecode.c.h; path = RAMCellModel.h; sourceTree = "<group>"; };
		352B854A21D0DD22008C0DE7 /* RAMCellModel.m */ = {isa = PBXFileReference; lastKnownFileType = sourcecode.c.objc; path = RAMCellModel.m; sourceTree = "<group>"; };
		353E4E2C21CC952D00A689DA /* RAMStageB.h */ = {isa = PBXFileReference; lastKnownFileType = sourcecode.c.h; path = RAMStageB.h; sourceTree = "<group>"; };
		353E4E2D21CC952D00A689DA /* RAMStageB.m */ = {isa = PBXFileReference; lastKnownFileType = sourcecode.c.objc; path = RAMStageB.m; sourceTree = "<group>"; };
		353E4E2F21CCBC3400A689DA /* RAMBlockA.h */ = {isa = PBXFileReference; lastKnownFileType = sourcecode.c.h; path = RAMBlockA.h; sourceTree = "<group>"; };
		353E4E3021CCBC3400A689DA /* RAMBlockA.m */ = {isa = PBXFileReference; lastKnownFileType = sourcecode.c.objc; path = RAMBlockA.m; sourceTree = "<group>"; };
		353E4E3221CCBC3F00A689DA /* RAMBlockB.h */ = {isa = PBXFileReference; lastKnownFileType = sourcecode.c.h; path = RAMBlockB.h; sourceTree = "<group>"; };
		353E4E3321CCBC3F00A689DA /* RAMBlockB.m */ = {isa = PBXFileReference; lastKnownFileType = sourcecode.c.objc; path = RAMBlockB.m; sourceTree = "<group>"; };
		353E4E3521CCD9CE00A689DA /* RAMData.h */ = {isa = PBXFileReference; lastKnownFileType = sourcecode.c.h; path = RAMData.h; sourceTree = "<group>"; };
		353E4E3621CCD9CE00A689DA /* RAMData.m */ = {isa = PBXFileReference; lastKnownFileType = sourcecode.c.objc; path = RAMData.m; sourceTree = "<group>"; };
		35497F0C2269FC4600D090E8 /* RAMTableViewController.h */ = {isa = PBXFileReference; lastKnownFileType = sourcecode.c.h; path = RAMTableViewController.h; sourceTree = "<group>"; };
		35497F0D2269FC4600D090E8 /* RAMTableViewController.m */ = {isa = PBXFileReference; lastKnownFileType = sourcecode.c.objc; path = RAMTableViewController.m; sourceTree = "<group>"; };
		355EC72C2271E0470045725B /* RAMImageViewController.h */ = {isa = PBXFileReference; lastKnownFileType = sourcecode.c.h; path = RAMImageViewController.h; sourceTree = "<group>"; };
		355EC72D2271E0470045725B /* RAMImageViewController.m */ = {isa = PBXFileReference; lastKnownFileType = sourcecode.c.objc; path = RAMImageViewController.m; sourceTree = "<group>"; };
		3588B08721C0B7FC0085B8EE /* RAMUtilDemo.app */ = {isa = PBXFileReference; explicitFileType = wrapper.application; includeInIndex = 0; path = RAMUtilDemo.app; sourceTree = BUILT_PRODUCTS_DIR; };
		3588B08A21C0B7FC0085B8EE /* AppDelegate.h */ = {isa = PBXFileReference; lastKnownFileType = sourcecode.c.h; path = AppDelegate.h; sourceTree = "<group>"; };
		3588B08B21C0B7FC0085B8EE /* AppDelegate.m */ = {isa = PBXFileReference; lastKnownFileType = sourcecode.c.objc; path = AppDelegate.m; sourceTree = "<group>"; };
		3588B08D21C0B7FC0085B8EE /* ViewController.h */ = {isa = PBXFileReference; lastKnownFileType = sourcecode.c.h; path = ViewController.h; sourceTree = "<group>"; };
		3588B08E21C0B7FC0085B8EE /* ViewController.m */ = {isa = PBXFileReference; lastKnownFileType = sourcecode.c.objc; path = ViewController.m; sourceTree = "<group>"; };
		3588B09121C0B7FC0085B8EE /* Base */ = {isa = PBXFileReference; lastKnownFileType = file.storyboard; name = Base; path = Base.lproj/Main.storyboard; sourceTree = "<group>"; };
		3588B09321C0B7FD0085B8EE /* Assets.xcassets */ = {isa = PBXFileReference; lastKnownFileType = folder.assetcatalog; path = Assets.xcassets; sourceTree = "<group>"; };
		3588B09621C0B7FD0085B8EE /* Base */ = {isa = PBXFileReference; lastKnownFileType = file.storyboard; name = Base; path = Base.lproj/LaunchScreen.storyboard; sourceTree = "<group>"; };
		3588B09821C0B7FD0085B8EE /* Info.plist */ = {isa = PBXFileReference; lastKnownFileType = text.plist.xml; path = Info.plist; sourceTree = "<group>"; };
		3588B09921C0B7FD0085B8EE /* main.m */ = {isa = PBXFileReference; lastKnownFileType = sourcecode.c.objc; path = main.m; sourceTree = "<group>"; };
		3588B0A421C10EBA0085B8EE /* RAMSuperObject.h */ = {isa = PBXFileReference; lastKnownFileType = sourcecode.c.h; path = RAMSuperObject.h; sourceTree = "<group>"; };
		3588B0A521C10EBA0085B8EE /* RAMSuperObject.m */ = {isa = PBXFileReference; lastKnownFileType = sourcecode.c.objc; path = RAMSuperObject.m; sourceTree = "<group>"; };
		3588B0A721C10ECB0085B8EE /* RAMSubObject.h */ = {isa = PBXFileReference; lastKnownFileType = sourcecode.c.h; path = RAMSubObject.h; sourceTree = "<group>"; };
		3588B0A821C10ECB0085B8EE /* RAMSubObject.m */ = {isa = PBXFileReference; lastKnownFileType = sourcecode.c.objc; path = RAMSubObject.m; sourceTree = "<group>"; };
		35AB59AA22CAF9990056C891 /* RAMTapGestureHackViewController.h */ = {isa = PBXFileReference; lastKnownFileType = sourcecode.c.h; path = RAMTapGestureHackViewController.h; sourceTree = "<group>"; };
		35AB59AB22CAF9990056C891 /* RAMTapGestureHackViewController.m */ = {isa = PBXFileReference; lastKnownFileType = sourcecode.c.objc; path = RAMTapGestureHackViewController.m; sourceTree = "<group>"; };
		35AB59AD22CAFA780056C891 /* UITapGestureRecognizer+NESRecordEvent.h */ = {isa = PBXFileReference; fileEncoding = 4; lastKnownFileType = sourcecode.c.h; path = "UITapGestureRecognizer+NESRecordEvent.h"; sourceTree = "<group>"; };
		35AB59AE22CAFA780056C891 /* UITapGestureRecognizer+NESRecordEvent.m */ = {isa = PBXFileReference; fileEncoding = 4; lastKnownFileType = sourcecode.c.objc; path = "UITapGestureRecognizer+NESRecordEvent.m"; sourceTree = "<group>"; };
		35AB59B022CAFAA00056C891 /* NSObject+NESRunTime.h */ = {isa = PBXFileReference; fileEncoding = 4; lastKnownFileType = sourcecode.c.h; path = "NSObject+NESRunTime.h"; sourceTree = "<group>"; };
		35AB59B122CAFAA00056C891 /* NSObject+NESRunTime.m */ = {isa = PBXFileReference; fileEncoding = 4; lastKnownFileType = sourcecode.c.objc; path = "NSObject+NESRunTime.m"; sourceTree = "<group>"; };
		35AB59B422CB3C790056C891 /* RAMRegTestViewController.h */ = {isa = PBXFileReference; lastKnownFileType = sourcecode.c.h; path = RAMRegTestViewController.h; sourceTree = "<group>"; };
		35AB59B522CB3C790056C891 /* RAMRegTestViewController.m */ = {isa = PBXFileReference; lastKnownFileType = sourcecode.c.objc; path = RAMRegTestViewController.m; sourceTree = "<group>"; };
		35E791EA21C27E5700312F75 /* RAMStageA.h */ = {isa = PBXFileReference; lastKnownFileType = sourcecode.c.h; path = RAMStageA.h; sourceTree = "<group>"; };
		35E791EB21C27E5700312F75 /* RAMStageA.m */ = {isa = PBXFileReference; lastKnownFileType = sourcecode.c.objc; path = RAMStageA.m; sourceTree = "<group>"; };
		411CD24A238E23970031791F /* RAMRuntimeViewController.h */ = {isa = PBXFileReference; lastKnownFileType = sourcecode.c.h; path = RAMRuntimeViewController.h; sourceTree = "<group>"; };
		411CD24B238E23970031791F /* RAMRuntimeViewController.m */ = {isa = PBXFileReference; lastKnownFileType = sourcecode.c.objc; path = RAMRuntimeViewController.m; sourceTree = "<group>"; };
		4121D27A238CC3EB0038F2F1 /* RAMLoadInitializeViewController.h */ = {isa = PBXFileReference; lastKnownFileType = sourcecode.c.h; path = RAMLoadInitializeViewController.h; sourceTree = "<group>"; };
		4121D27B238CC3EB0038F2F1 /* RAMLoadInitializeViewController.m */ = {isa = PBXFileReference; lastKnownFileType = sourcecode.c.objc; path = RAMLoadInitializeViewController.m; sourceTree = "<group>"; };
		4121D27D238CC49D0038F2F1 /* RAMDemoObject.h */ = {isa = PBXFileReference; lastKnownFileType = sourcecode.c.h; path = RAMDemoObject.h; sourceTree = "<group>"; };
		4121D27E238CC49D0038F2F1 /* RAMDemoObject.m */ = {isa = PBXFileReference; lastKnownFileType = sourcecode.c.objc; path = RAMDemoObject.m; sourceTree = "<group>"; };
		4121D280238CC5080038F2F1 /* RAMSubDemoObject.h */ = {isa = PBXFileReference; lastKnownFileType = sourcecode.c.h; path = RAMSubDemoObject.h; sourceTree = "<group>"; };
		4121D281238CC5080038F2F1 /* RAMSubDemoObject.m */ = {isa = PBXFileReference; lastKnownFileType = sourcecode.c.objc; path = RAMSubDemoObject.m; sourceTree = "<group>"; };
		4121D283238CC5490038F2F1 /* RAMSubDemoObject+RAMDemoCategory.h */ = {isa = PBXFileReference; lastKnownFileType = sourcecode.c.h; path = "RAMSubDemoObject+RAMDemoCategory.h"; sourceTree = "<group>"; };
		4121D284238CC5490038F2F1 /* RAMSubDemoObject+RAMDemoCategory.m */ = {isa = PBXFileReference; lastKnownFileType = sourcecode.c.objc; path = "RAMSubDemoObject+RAMDemoCategory.m"; sourceTree = "<group>"; };
		4121D28D238D68AE0038F2F1 /* RAMSubSubDemoObject.h */ = {isa = PBXFileReference; lastKnownFileType = sourcecode.c.h; path = RAMSubSubDemoObject.h; sourceTree = "<group>"; };
		4121D28E238D68AE0038F2F1 /* RAMSubSubDemoObject.m */ = {isa = PBXFileReference; lastKnownFileType = sourcecode.c.objc; path = RAMSubSubDemoObject.m; sourceTree = "<group>"; };
		416A8421238B81EE0031BCF3 /* RAMUIEventChainViewController.h */ = {isa = PBXFileReference; lastKnownFileType = sourcecode.c.h; path = RAMUIEventChainViewController.h; sourceTree = "<group>"; };
		416A8422238B81EE0031BCF3 /* RAMUIEventChainViewController.m */ = {isa = PBXFileReference; lastKnownFileType = sourcecode.c.objc; path = RAMUIEventChainViewController.m; sourceTree = "<group>"; };
		B3AD32EE145FD47046E4259D /* Pods-RAMUtilDemo.debug.xcconfig */ = {isa = PBXFileReference; includeInIndex = 1; lastKnownFileType = text.xcconfig; name = "Pods-RAMUtilDemo.debug.xcconfig"; path = "Pods/Target Support Files/Pods-RAMUtilDemo/Pods-RAMUtilDemo.debug.xcconfig"; sourceTree = "<group>"; };
/* End PBXFileReference section */

/* Begin PBXFrameworksBuildPhase section */
		3588B08421C0B7FC0085B8EE /* Frameworks */ = {
			isa = PBXFrameworksBuildPhase;
			buildActionMask = 2147483647;
			files = (
				3CAAC7576767896BAFE4789A /* libPods-RAMUtilDemo.a in Frameworks */,
			);
			runOnlyForDeploymentPostprocessing = 0;
		};
/* End PBXFrameworksBuildPhase section */

/* Begin PBXGroup section */
		351C0EE62275A589001174E2 /* RAMJSCoreTest */ = {
			isa = PBXGroup;
			children = (
				351C0F012275A5F0001174E2 /* core.js */,
				351C0EF52275A589001174E2 /* RAMNativeJsViewController.m */,
				351C0EF62275A589001174E2 /* RAMNativeJsViewController.h */,
			);
			path = RAMJSCoreTest;
			sourceTree = "<group>";
		};
		35497F0B2269FC3600D090E8 /* RAMTestUI */ = {
			isa = PBXGroup;
			children = (
				35497F0C2269FC4600D090E8 /* RAMTableViewController.h */,
				35497F0D2269FC4600D090E8 /* RAMTableViewController.m */,
				416A8421238B81EE0031BCF3 /* RAMUIEventChainViewController.h */,
				416A8422238B81EE0031BCF3 /* RAMUIEventChainViewController.m */,
				4121D27A238CC3EB0038F2F1 /* RAMLoadInitializeViewController.h */,
				4121D27B238CC3EB0038F2F1 /* RAMLoadInitializeViewController.m */,
				411CD24A238E23970031791F /* RAMRuntimeViewController.h */,
				411CD24B238E23970031791F /* RAMRuntimeViewController.m */,
				4121D286238CC5790038F2F1 /* RAMDemoObject */,
				355EC72C2271E0470045725B /* RAMImageViewController.h */,
				355EC72D2271E0470045725B /* RAMImageViewController.m */,
				351C0EE62275A589001174E2 /* RAMJSCoreTest */,
				35AB59A922CAF9690056C891 /* RAMTapGestureHack */,
				35AB59B322CB3C560056C891 /* RAMRegTest */,
			);
			path = RAMTestUI;
			sourceTree = "<group>";
		};
		3588B07E21C0B7FC0085B8EE = {
			isa = PBXGroup;
			children = (
				3588B08921C0B7FC0085B8EE /* RAMUtilDemo */,
				3588B08821C0B7FC0085B8EE /* Products */,
				C66CC8576F9592616182EB49 /* Pods */,
				B5E9ECF6C2CC63F934798635 /* Frameworks */,
			);
			sourceTree = "<group>";
		};
		3588B08821C0B7FC0085B8EE /* Products */ = {
			isa = PBXGroup;
			children = (
				3588B08721C0B7FC0085B8EE /* RAMUtilDemo.app */,
			);
			name = Products;
			sourceTree = "<group>";
		};
		3588B08921C0B7FC0085B8EE /* RAMUtilDemo */ = {
			isa = PBXGroup;
			children = (
				3588B08A21C0B7FC0085B8EE /* AppDelegate.h */,
				3588B08B21C0B7FC0085B8EE /* AppDelegate.m */,
				3588B08D21C0B7FC0085B8EE /* ViewController.h */,
				3588B08E21C0B7FC0085B8EE /* ViewController.m */,
				352B854621D0DCA7008C0DE7 /* RAMBaseTableViewCell.h */,
				352B854721D0DCA7008C0DE7 /* RAMBaseTableViewCell.m */,
				352B854921D0DD22008C0DE7 /* RAMCellModel.h */,
				352B854A21D0DD22008C0DE7 /* RAMCellModel.m */,
				35E791E921C27E0C00312F75 /* RAMExportDemo */,
				3588B0A321C10E9D0085B8EE /* RAMMustOverriderDemo */,
				35497F0B2269FC3600D090E8 /* RAMTestUI */,
				3588B09021C0B7FC0085B8EE /* Main.storyboard */,
				3588B09321C0B7FD0085B8EE /* Assets.xcassets */,
				3588B09521C0B7FD0085B8EE /* LaunchScreen.storyboard */,
				3588B09821C0B7FD0085B8EE /* Info.plist */,
				3588B09921C0B7FD0085B8EE /* main.m */,
			);
			path = RAMUtilDemo;
			sourceTree = "<group>";
		};
		3588B0A321C10E9D0085B8EE /* RAMMustOverriderDemo */ = {
			isa = PBXGroup;
			children = (
				3588B0A421C10EBA0085B8EE /* RAMSuperObject.h */,
				3588B0A521C10EBA0085B8EE /* RAMSuperObject.m */,
				3588B0A721C10ECB0085B8EE /* RAMSubObject.h */,
				3588B0A821C10ECB0085B8EE /* RAMSubObject.m */,
			);
			path = RAMMustOverriderDemo;
			sourceTree = "<group>";
		};
		35AB59A922CAF9690056C891 /* RAMTapGestureHack */ = {
			isa = PBXGroup;
			children = (
				35AB59AA22CAF9990056C891 /* RAMTapGestureHackViewController.h */,
				35AB59AB22CAF9990056C891 /* RAMTapGestureHackViewController.m */,
				35AB59AD22CAFA780056C891 /* UITapGestureRecognizer+NESRecordEvent.h */,
				35AB59AE22CAFA780056C891 /* UITapGestureRecognizer+NESRecordEvent.m */,
				35AB59B022CAFAA00056C891 /* NSObject+NESRunTime.h */,
				35AB59B122CAFAA00056C891 /* NSObject+NESRunTime.m */,
			);
			path = RAMTapGestureHack;
			sourceTree = "<group>";
		};
		35AB59B322CB3C560056C891 /* RAMRegTest */ = {
			isa = PBXGroup;
			children = (
				35AB59B422CB3C790056C891 /* RAMRegTestViewController.h */,
				35AB59B522CB3C790056C891 /* RAMRegTestViewController.m */,
			);
			path = RAMRegTest;
			sourceTree = "<group>";
		};
		35E791E921C27E0C00312F75 /* RAMExportDemo */ = {
			isa = PBXGroup;
			children = (
				352B854321D0DC57008C0DE7 /* RAMExportViewController.h */,
				352B854421D0DC57008C0DE7 /* RAMExportViewController.m */,
				35E791EA21C27E5700312F75 /* RAMStageA.h */,
				35E791EB21C27E5700312F75 /* RAMStageA.m */,
				353E4E2C21CC952D00A689DA /* RAMStageB.h */,
				353E4E2D21CC952D00A689DA /* RAMStageB.m */,
				353E4E2F21CCBC3400A689DA /* RAMBlockA.h */,
				353E4E3021CCBC3400A689DA /* RAMBlockA.m */,
				353E4E3221CCBC3F00A689DA /* RAMBlockB.h */,
				353E4E3321CCBC3F00A689DA /* RAMBlockB.m */,
				353E4E3521CCD9CE00A689DA /* RAMData.h */,
				353E4E3621CCD9CE00A689DA /* RAMData.m */,
			);
			path = RAMExportDemo;
			sourceTree = "<group>";
		};
		4121D286238CC5790038F2F1 /* RAMDemoObject */ = {
			isa = PBXGroup;
			children = (
				4121D27D238CC49D0038F2F1 /* RAMDemoObject.h */,
				4121D27E238CC49D0038F2F1 /* RAMDemoObject.m */,
				4121D280238CC5080038F2F1 /* RAMSubDemoObject.h */,
				4121D281238CC5080038F2F1 /* RAMSubDemoObject.m */,
				4121D28D238D68AE0038F2F1 /* RAMSubSubDemoObject.h */,
				4121D28E238D68AE0038F2F1 /* RAMSubSubDemoObject.m */,
				4121D283238CC5490038F2F1 /* RAMSubDemoObject+RAMDemoCategory.h */,
				4121D284238CC5490038F2F1 /* RAMSubDemoObject+RAMDemoCategory.m */,
			);
			path = RAMDemoObject;
			sourceTree = "<group>";
		};
		B5E9ECF6C2CC63F934798635 /* Frameworks */ = {
			isa = PBXGroup;
			children = (
				2A395D7E6A7DE069A98AFD46 /* libPods-RAMUtilDemo.a */,
			);
			name = Frameworks;
			sourceTree = "<group>";
		};
		C66CC8576F9592616182EB49 /* Pods */ = {
			isa = PBXGroup;
			children = (
				B3AD32EE145FD47046E4259D /* Pods-RAMUtilDemo.debug.xcconfig */,
				2C7926A168C8164D77724228 /* Pods-RAMUtilDemo.release.xcconfig */,
			);
			name = Pods;
			sourceTree = "<group>";
		};
/* End PBXGroup section */

/* Begin PBXNativeTarget section */
		3588B08621C0B7FC0085B8EE /* RAMUtilDemo */ = {
			isa = PBXNativeTarget;
			buildConfigurationList = 3588B09D21C0B7FD0085B8EE /* Build configuration list for PBXNativeTarget "RAMUtilDemo" */;
			buildPhases = (
				BD2049713418389378FE079D /* [CP] Check Pods Manifest.lock */,
				3588B08321C0B7FC0085B8EE /* Sources */,
				3588B08421C0B7FC0085B8EE /* Frameworks */,
				3588B08521C0B7FC0085B8EE /* Resources */,
				23E2B0BA835E19FEEE99D82D /* [CP] Embed Pods Frameworks */,
				CC5C483F3CAB54CAF5729698 /* [CP] Copy Pods Resources */,
			);
			buildRules = (
			);
			dependencies = (
			);
			name = RAMUtilDemo;
			productName = RAMUtilDemo;
			productReference = 3588B08721C0B7FC0085B8EE /* RAMUtilDemo.app */;
			productType = "com.apple.product-type.application";
		};
/* End PBXNativeTarget section */

/* Begin PBXProject section */
		3588B07F21C0B7FC0085B8EE /* Project object */ = {
			isa = PBXProject;
			attributes = {
				LastUpgradeCheck = 0940;
				ORGANIZATIONNAME = "裘俊云";
				TargetAttributes = {
					3588B08621C0B7FC0085B8EE = {
						CreatedOnToolsVersion = 9.4.1;
					};
				};
			};
			buildConfigurationList = 3588B08221C0B7FC0085B8EE /* Build configuration list for PBXProject "RAMUtilDemo" */;
			compatibilityVersion = "Xcode 9.3";
			developmentRegion = en;
			hasScannedForEncodings = 0;
			knownRegions = (
				en,
				Base,
			);
			mainGroup = 3588B07E21C0B7FC0085B8EE;
			productRefGroup = 3588B08821C0B7FC0085B8EE /* Products */;
			projectDirPath = "";
			projectRoot = "";
			targets = (
				3588B08621C0B7FC0085B8EE /* RAMUtilDemo */,
			);
		};
/* End PBXProject section */

/* Begin PBXResourcesBuildPhase section */
		3588B08521C0B7FC0085B8EE /* Resources */ = {
			isa = PBXResourcesBuildPhase;
			buildActionMask = 2147483647;
			files = (
				3588B09721C0B7FD0085B8EE /* LaunchScreen.storyboard in Resources */,
				3588B09421C0B7FD0085B8EE /* Assets.xcassets in Resources */,
				3588B09221C0B7FC0085B8EE /* Main.storyboard in Resources */,
				351C0F022275A5F0001174E2 /* core.js in Resources */,
			);
			runOnlyForDeploymentPostprocessing = 0;
		};
/* End PBXResourcesBuildPhase section */

/* Begin PBXShellScriptBuildPhase section */
		23E2B0BA835E19FEEE99D82D /* [CP] Embed Pods Frameworks */ = {
			isa = PBXShellScriptBuildPhase;
			buildActionMask = 2147483647;
			files = (
			);
			inputPaths = (
			);
			name = "[CP] Embed Pods Frameworks";
			outputPaths = (
			);
			runOnlyForDeploymentPostprocessing = 0;
			shellPath = /bin/sh;
			shellScript = "\"${SRCROOT}/Pods/Target Support Files/Pods-RAMUtilDemo/Pods-RAMUtilDemo-frameworks.sh\"\n";
			showEnvVarsInLog = 0;
		};
		BD2049713418389378FE079D /* [CP] Check Pods Manifest.lock */ = {
			isa = PBXShellScriptBuildPhase;
			buildActionMask = 2147483647;
			files = (
			);
			inputPaths = (
				"${PODS_PODFILE_DIR_PATH}/Podfile.lock",
				"${PODS_ROOT}/Manifest.lock",
			);
			name = "[CP] Check Pods Manifest.lock";
			outputPaths = (
				"$(DERIVED_FILE_DIR)/Pods-RAMUtilDemo-checkManifestLockResult.txt",
			);
			runOnlyForDeploymentPostprocessing = 0;
			shellPath = /bin/sh;
			shellScript = "diff \"${PODS_ROOT}/../Podfile.lock\" \"${PODS_ROOT}/Manifest.lock\" > /dev/null\nif [ $? != 0 ] ; then\n    # print error to STDERR\n    echo \"error: The sandbox is not in sync with the Podfile.lock. Run 'pod install' or update your CocoaPods installation.\" >&2\n    exit 1\nfi\n";
			showEnvVarsInLog = 0;
		};
		CC5C483F3CAB54CAF5729698 /* [CP] Copy Pods Resources */ = {
			isa = PBXShellScriptBuildPhase;
			buildActionMask = 2147483647;
			files = (
			);
			inputPaths = (
			);
			name = "[CP] Copy Pods Resources";
			outputPaths = (
			);
			runOnlyForDeploymentPostprocessing = 0;
			shellPath = /bin/sh;
			shellScript = "\"${SRCROOT}/Pods/Target Support Files/Pods-RAMUtilDemo/Pods-RAMUtilDemo-resources.sh\"\n";
			showEnvVarsInLog = 0;
		};
/* End PBXShellScriptBuildPhase section */

/* Begin PBXSourcesBuildPhase section */
		3588B08321C0B7FC0085B8EE /* Sources */ = {
			isa = PBXSourcesBuildPhase;
			buildActionMask = 2147483647;
			files = (
				3588B08F21C0B7FC0085B8EE /* ViewController.m in Sources */,
				352B854521D0DC57008C0DE7 /* RAMExportViewController.m in Sources */,
				3588B09A21C0B7FD0085B8EE /* main.m in Sources */,
				353E4E3121CCBC3400A689DA /* RAMBlockA.m in Sources */,
				4121D285238CC5490038F2F1 /* RAMSubDemoObject+RAMDemoCategory.m in Sources */,
				3588B0A921C10ECB0085B8EE /* RAMSubObject.m in Sources */,
				353E4E2E21CC952D00A689DA /* RAMStageB.m in Sources */,
				4121D27F238CC49D0038F2F1 /* RAMDemoObject.m in Sources */,
				35AB59B622CB3C790056C891 /* RAMRegTestViewController.m in Sources */,
				35AB59B222CAFAA00056C891 /* NSObject+NESRunTime.m in Sources */,
				3588B08C21C0B7FC0085B8EE /* AppDelegate.m in Sources */,
				4121D27C238CC3EB0038F2F1 /* RAMLoadInitializeViewController.m in Sources */,
				352B854821D0DCA7008C0DE7 /* RAMBaseTableViewCell.m in Sources */,
				352B854B21D0DD22008C0DE7 /* RAMCellModel.m in Sources */,
				4121D28F238D68AE0038F2F1 /* RAMSubSubDemoObject.m in Sources */,
				416A8423238B81EE0031BCF3 /* RAMUIEventChainViewController.m in Sources */,
				351C0F002275A589001174E2 /* RAMNativeJsViewController.m in Sources */,
				353E4E3721CCD9CE00A689DA /* RAMData.m in Sources */,
				3588B0A621C10EBA0085B8EE /* RAMSuperObject.m in Sources */,
				35AB59AF22CAFA780056C891 /* UITapGestureRecognizer+NESRecordEvent.m in Sources */,
				35E791EC21C27E5700312F75 /* RAMStageA.m in Sources */,
				4121D282238CC5080038F2F1 /* RAMSubDemoObject.m in Sources */,
				35497F0E2269FC4600D090E8 /* RAMTableViewController.m in Sources */,
				411CD24C238E23970031791F /* RAMRuntimeViewController.m in Sources */,
				35AB59AC22CAF9990056C891 /* RAMTapGestureHackViewController.m in Sources */,
				353E4E3421CCBC3F00A689DA /* RAMBlockB.m in Sources */,
				355EC72E2271E0470045725B /* RAMImageViewController.m in Sources */,
			);
			runOnlyForDeploymentPostprocessing = 0;
		};
/* End PBXSourcesBuildPhase section */

/* Begin PBXVariantGroup section */
		3588B09021C0B7FC0085B8EE /* Main.storyboard */ = {
			isa = PBXVariantGroup;
			children = (
				3588B09121C0B7FC0085B8EE /* Base */,
			);
			name = Main.storyboard;
			sourceTree = "<group>";
		};
		3588B09521C0B7FD0085B8EE /* LaunchScreen.storyboard */ = {
			isa = PBXVariantGroup;
			children = (
				3588B09621C0B7FD0085B8EE /* Base */,
			);
			name = LaunchScreen.storyboard;
			sourceTree = "<group>";
		};
/* End PBXVariantGroup section */

/* Begin XCBuildConfiguration section */
		3588B09B21C0B7FD0085B8EE /* Debug */ = {
			isa = XCBuildConfiguration;
			buildSettings = {
				ALWAYS_SEARCH_USER_PATHS = NO;
				CLANG_ANALYZER_NONNULL = YES;
				CLANG_ANALYZER_NUMBER_OBJECT_CONVERSION = YES_AGGRESSIVE;
				CLANG_CXX_LANGUAGE_STANDARD = "gnu++14";
				CLANG_CXX_LIBRARY = "libc++";
				CLANG_ENABLE_MODULES = YES;
				CLANG_ENABLE_OBJC_ARC = YES;
				CLANG_ENABLE_OBJC_WEAK = YES;
				CLANG_WARN_BLOCK_CAPTURE_AUTORELEASING = YES;
				CLANG_WARN_BOOL_CONVERSION = YES;
				CLANG_WARN_COMMA = YES;
				CLANG_WARN_CONSTANT_CONVERSION = YES;
				CLANG_WARN_DEPRECATED_OBJC_IMPLEMENTATIONS = YES;
				CLANG_WARN_DIRECT_OBJC_ISA_USAGE = YES_ERROR;
				CLANG_WARN_DOCUMENTATION_COMMENTS = YES;
				CLANG_WARN_EMPTY_BODY = YES;
				CLANG_WARN_ENUM_CONVERSION = YES;
				CLANG_WARN_INFINITE_RECURSION = YES;
				CLANG_WARN_INT_CONVERSION = YES;
				CLANG_WARN_NON_LITERAL_NULL_CONVERSION = YES;
				CLANG_WARN_OBJC_IMPLICIT_RETAIN_SELF = YES;
				CLANG_WARN_OBJC_LITERAL_CONVERSION = YES;
				CLANG_WARN_OBJC_ROOT_CLASS = YES_ERROR;
				CLANG_WARN_RANGE_LOOP_ANALYSIS = YES;
				CLANG_WARN_STRICT_PROTOTYPES = YES;
				CLANG_WARN_SUSPICIOUS_MOVE = YES;
				CLANG_WARN_UNGUARDED_AVAILABILITY = YES_AGGRESSIVE;
				CLANG_WARN_UNREACHABLE_CODE = YES;
				CLANG_WARN__DUPLICATE_METHOD_MATCH = YES;
				CODE_SIGN_IDENTITY = "iPhone Developer";
				COPY_PHASE_STRIP = NO;
				DEBUG_INFORMATION_FORMAT = dwarf;
				ENABLE_STRICT_OBJC_MSGSEND = YES;
				ENABLE_TESTABILITY = YES;
				GCC_C_LANGUAGE_STANDARD = gnu11;
				GCC_DYNAMIC_NO_PIC = NO;
				GCC_NO_COMMON_BLOCKS = YES;
				GCC_OPTIMIZATION_LEVEL = 0;
				GCC_PREPROCESSOR_DEFINITIONS = (
					"DEBUG=1",
					"$(inherited)",
				);
				GCC_WARN_64_TO_32_BIT_CONVERSION = YES;
				GCC_WARN_ABOUT_RETURN_TYPE = YES_ERROR;
				GCC_WARN_UNDECLARED_SELECTOR = YES;
				GCC_WARN_UNINITIALIZED_AUTOS = YES_AGGRESSIVE;
				GCC_WARN_UNUSED_FUNCTION = YES;
				GCC_WARN_UNUSED_VARIABLE = YES;
				IPHONEOS_DEPLOYMENT_TARGET = 11.4;
				MTL_ENABLE_DEBUG_INFO = YES;
				ONLY_ACTIVE_ARCH = YES;
				SDKROOT = iphoneos;
			};
			name = Debug;
		};
		3588B09C21C0B7FD0085B8EE /* Release */ = {
			isa = XCBuildConfiguration;
			buildSettings = {
				ALWAYS_SEARCH_USER_PATHS = NO;
				CLANG_ANALYZER_NONNULL = YES;
				CLANG_ANALYZER_NUMBER_OBJECT_CONVERSION = YES_AGGRESSIVE;
				CLANG_CXX_LANGUAGE_STANDARD = "gnu++14";
				CLANG_CXX_LIBRARY = "libc++";
				CLANG_ENABLE_MODULES = YES;
				CLANG_ENABLE_OBJC_ARC = YES;
				CLANG_ENABLE_OBJC_WEAK = YES;
				CLANG_WARN_BLOCK_CAPTURE_AUTORELEASING = YES;
				CLANG_WARN_BOOL_CONVERSION = YES;
				CLANG_WARN_COMMA = YES;
				CLANG_WARN_CONSTANT_CONVERSION = YES;
				CLANG_WARN_DEPRECATED_OBJC_IMPLEMENTATIONS = YES;
				CLANG_WARN_DIRECT_OBJC_ISA_USAGE = YES_ERROR;
				CLANG_WARN_DOCUMENTATION_COMMENTS = YES;
				CLANG_WARN_EMPTY_BODY = YES;
				CLANG_WARN_ENUM_CONVERSION = YES;
				CLANG_WARN_INFINITE_RECURSION = YES;
				CLANG_WARN_INT_CONVERSION = YES;
				CLANG_WARN_NON_LITERAL_NULL_CONVERSION = YES;
				CLANG_WARN_OBJC_IMPLICIT_RETAIN_SELF = YES;
				CLANG_WARN_OBJC_LITERAL_CONVERSION = YES;
				CLANG_WARN_OBJC_ROOT_CLASS = YES_ERROR;
				CLANG_WARN_RANGE_LOOP_ANALYSIS = YES;
				CLANG_WARN_STRICT_PROTOTYPES = YES;
				CLANG_WARN_SUSPICIOUS_MOVE = YES;
				CLANG_WARN_UNGUARDED_AVAILABILITY = YES_AGGRESSIVE;
				CLANG_WARN_UNREACHABLE_CODE = YES;
				CLANG_WARN__DUPLICATE_METHOD_MATCH = YES;
				CODE_SIGN_IDENTITY = "iPhone Developer";
				COPY_PHASE_STRIP = NO;
				DEBUG_INFORMATION_FORMAT = "dwarf-with-dsym";
				ENABLE_NS_ASSERTIONS = NO;
				ENABLE_STRICT_OBJC_MSGSEND = YES;
				GCC_C_LANGUAGE_STANDARD = gnu11;
				GCC_NO_COMMON_BLOCKS = YES;
				GCC_WARN_64_TO_32_BIT_CONVERSION = YES;
				GCC_WARN_ABOUT_RETURN_TYPE = YES_ERROR;
				GCC_WARN_UNDECLARED_SELECTOR = YES;
				GCC_WARN_UNINITIALIZED_AUTOS = YES_AGGRESSIVE;
				GCC_WARN_UNUSED_FUNCTION = YES;
				GCC_WARN_UNUSED_VARIABLE = YES;
				IPHONEOS_DEPLOYMENT_TARGET = 11.4;
				MTL_ENABLE_DEBUG_INFO = NO;
				SDKROOT = iphoneos;
				VALIDATE_PRODUCT = YES;
			};
			name = Release;
		};
		3588B09E21C0B7FD0085B8EE /* Debug */ = {
			isa = XCBuildConfiguration;
			baseConfigurationReference = B3AD32EE145FD47046E4259D /* Pods-RAMUtilDemo.debug.xcconfig */;
			buildSettings = {
				ASSETCATALOG_COMPILER_APPICON_NAME = AppIcon;
				CODE_SIGN_STYLE = Automatic;
				DEVELOPMENT_TEAM = MEEVZF39DJ;
				INFOPLIST_FILE = RAMUtilDemo/Info.plist;
				LD_RUNPATH_SEARCH_PATHS = (
					"$(inherited)",
					"@executable_path/Frameworks",
				);
				PRODUCT_BUNDLE_IDENTIFIER = com.rambo.RAMUtilDemo;
				PRODUCT_NAME = "$(TARGET_NAME)";
				TARGETED_DEVICE_FAMILY = "1,2";
			};
			name = Debug;
		};
		3588B09F21C0B7FD0085B8EE /* Release */ = {
			isa = XCBuildConfiguration;
			baseConfigurationReference = 2C7926A168C8164D77724228 /* Pods-RAMUtilDemo.release.xcconfig */;
			buildSettings = {
				ASSETCATALOG_COMPILER_APPICON_NAME = AppIcon;
				CODE_SIGN_STYLE = Automatic;
				DEVELOPMENT_TEAM = MEEVZF39DJ;
				INFOPLIST_FILE = RAMUtilDemo/Info.plist;
				LD_RUNPATH_SEARCH_PATHS = (
					"$(inherited)",
					"@executable_path/Frameworks",
				);
				PRODUCT_BUNDLE_IDENTIFIER = com.rambo.RAMUtilDemo;
				PRODUCT_NAME = "$(TARGET_NAME)";
				TARGETED_DEVICE_FAMILY = "1,2";
			};
			name = Release;
		};
/* End XCBuildConfiguration section */

/* Begin XCConfigurationList section */
		3588B08221C0B7FC0085B8EE /* Build configuration list for PBXProject "RAMUtilDemo" */ = {
			isa = XCConfigurationList;
			buildConfigurations = (
				3588B09B21C0B7FD0085B8EE /* Debug */,
				3588B09C21C0B7FD0085B8EE /* Release */,
			);
			defaultConfigurationIsVisible = 0;
			defaultConfigurationName = Release;
		};
		3588B09D21C0B7FD0085B8EE /* Build configuration list for PBXNativeTarget "RAMUtilDemo" */ = {
			isa = XCConfigurationList;
			buildConfigurations = (
				3588B09E21C0B7FD0085B8EE /* Debug */,
				3588B09F21C0B7FD0085B8EE /* Release */,
			);
			defaultConfigurationIsVisible = 0;
			defaultConfigurationName = Release;
		};
/* End XCConfigurationList section */
	};
	rootObject = 3588B07F21C0B7FC0085B8EE /* Project object */;
}
