PODS:
  - RAMUtil (1.0.4):
    - RAMUtil/RAMCellData (= 1.0.4)
    - RAMUtil/RAMColor (= 1.0.4)
    - RAMUtil/RAMExport (= 1.0.4)
    - RAMUtil/RAMFrame (= 1.0.4)
    - RAMUtil/RAMImage (= 1.0.4)
    - RAMUtil/RAMJSCore (= 1.0.4)
    - RAMUtil/RAMLog (= 1.0.4)
    - RAMUtil/RAMMacros (= 1.0.4)
    - RAMUtil/RAMMustOverrider (= 1.0.4)
    - RAMUtil/RAMSafeCollection (= 1.0.4)
  - RAMUtil/RAMCellData (1.0.4)
  - RAMUtil/RAMColor (1.0.4)
  - RAMUtil/RAMExport (1.0.4)
  - RAMUtil/RAMFrame (1.0.4)
  - RAMUtil/RAMImage (1.0.4)
  - RAMUtil/RAMJSCore (1.0.4)
  - RAMUtil/RAMLog (1.0.4)
  - RAMUtil/RAMMacros (1.0.4)
  - RAMUtil/RAMMustOverrider (1.0.4)
  - RAMUtil/RAMSafeCollection (1.0.4)
  - SocketRocket (0.5.1)
  - WeexSDK (0.24.0)
  - WXDevtool (0.24.0):
    - SocketRocket
    - WeexSDK

DEPENDENCIES:
  - RAMUtil (from `../`)
  - WeexSDK (= 0.24.0)
  - WXDevtool (= 0.24.0)

SPEC REPOS:
  https://github.com/CocoaPods/Specs.git:
    - SocketRocket
    - WeexSDK
    - WXDevtool

EXTERNAL SOURCES:
  RAMUtil:
    :path: "../"

SPEC CHECKSUMS:
  RAMUtil: 91ceb093e30defea442a01a483ee6afead7051fa
  SocketRocket: d57c7159b83c3c6655745cd15302aa24b6bae531
  WeexSDK: 5bd35be9c035c67c84d1ba15712360bb0d0ba6b5
  WXDevtool: 95b70c73c06fc3299d65bd53ba4b3e0b0087f3cb

PODFILE CHECKSUM: 5a71073eb2f41b8f528b057acaa3483be7476e3e

COCOAPODS: 1.10.1
